
Microsoft Visual Studio Solution File, Format Version 12.00
# Visual Studio Version 17
VisualStudioVersion = 17.4.33122.133
MinimumVisualStudioVersion = 10.0.40219.1
Project("{9A19103F-16F7-4668-BE54-9A1E7A4F7556}") = "IthsBoardGamers.Server", "IthsBoardGamers\Server\IthsBoardGamers.Server.csproj", "{908C124A-F618-463A-916F-C9DB53D31184}"
EndProject
Project("{9A19103F-16F7-4668-BE54-9A1E7A4F7556}") = "IthsBoardGamers.Client", "IthsBoardGamers\Client\IthsBoardGamers.Client.csproj", "{454512FD-B3FD-49E5-82CA-92325AEED56B}"
EndProject
Project("{9A19103F-16F7-4668-BE54-9A1E7A4F7556}") = "IthsBoardGamers.Shared", "IthsBoardGamers\Shared\IthsBoardGamers.Shared.csproj", "{7E2784E9-2C59-4744-9F94-DA4206930B6A}"
EndProject
Project("{FAE04EC0-301F-11D3-BF4B-00C04F79EFBC}") = "IthsBoardGamers.DataAccess", "IthsBoardGamers.DataAccess\IthsBoardGamers.DataAccess.csproj", "{FF2CD394-C97C-4105-90B9-D3791DBFA23D}"
EndProject
Global
	GlobalSection(SolutionConfigurationPlatforms) = preSolution
		Debug|Any CPU = Debug|Any CPU
		Release|Any CPU = Release|Any CPU
	EndGlobalSection
	GlobalSection(ProjectConfigurationPlatforms) = postSolution
		{908C124A-F618-463A-916F-C9DB53D31184}.Debug|Any CPU.ActiveCfg = Debug|Any CPU
		{908C124A-F618-463A-916F-C9DB53D31184}.Debug|Any CPU.Build.0 = Debug|Any CPU
		{908C124A-F618-463A-916F-C9DB53D31184}.Release|Any CPU.ActiveCfg = Release|Any CPU
		{908C124A-F618-463A-916F-C9DB53D31184}.Release|Any CPU.Build.0 = Release|Any CPU
		{454512FD-B3FD-49E5-82CA-92325AEED56B}.Debug|Any CPU.ActiveCfg = Debug|Any CPU
		{454512FD-B3FD-49E5-82CA-92325AEED56B}.Debug|Any CPU.Build.0 = Debug|Any CPU
		{454512FD-B3FD-49E5-82CA-92325AEED56B}.Release|Any CPU.ActiveCfg = Release|Any CPU
		{454512FD-B3FD-49E5-82CA-92325AEED56B}.Release|Any CPU.Build.0 = Release|Any CPU
		{7E2784E9-2C59-4744-9F94-DA4206930B6A}.Debug|Any CPU.ActiveCfg = Debug|Any CPU
		{7E2784E9-2C59-4744-9F94-DA4206930B6A}.Debug|Any CPU.Build.0 = Debug|Any CPU
		{7E2784E9-2C59-4744-9F94-DA4206930B6A}.Release|Any CPU.ActiveCfg = Release|Any CPU
		{7E2784E9-2C59-4744-9F94-DA4206930B6A}.Release|Any CPU.Build.0 = Release|Any CPU
		{FF2CD394-C97C-4105-90B9-D3791DBFA23D}.Debug|Any CPU.ActiveCfg = Debug|Any CPU
		{FF2CD394-C97C-4105-90B9-D3791DBFA23D}.Debug|Any CPU.Build.0 = Debug|Any CPU
		{FF2CD394-C97C-4105-90B9-D3791DBFA23D}.Release|Any CPU.ActiveCfg = Release|Any CPU
		{FF2CD394-C97C-4105-90B9-D3791DBFA23D}.Release|Any CPU.Build.0 = Release|Any CPU
	EndGlobalSection
	GlobalSection(SolutionProperties) = preSolution
		HideSolutionNode = FALSE
	EndGlobalSection
	GlobalSection(ExtensibilityGlobals) = postSolution
		SolutionGuid = {C6FFAECA-2864-43CF-B24A-6C20E77C9376}
	EndGlobalSection
EndGlobal
